// !$*UTF8*$!
{
	archiveVersion = 1;
	classes = {
	};
	objectVersion = 50;
	objects = {

/* Begin PBXBuildFile section */
		B80FA52525C16DDB00738D78 /* AppDelegate.swift in Sources */ = {isa = PBXBuildFile; fileRef = B80FA52425C16DDB00738D78 /* AppDelegate.swift */; };
		B80FA52725C16DDB00738D78 /* GameScene.sks in Resources */ = {isa = PBXBuildFile; fileRef = B80FA52625C16DDB00738D78 /* GameScene.sks */; };
		B80FA52925C16DDB00738D78 /* Actions.sks in Resources */ = {isa = PBXBuildFile; fileRef = B80FA52825C16DDB00738D78 /* Actions.sks */; };
		B80FA52B25C16DDB00738D78 /* GameScene.swift in Sources */ = {isa = PBXBuildFile; fileRef = B80FA52A25C16DDB00738D78 /* GameScene.swift */; };
		B80FA52D25C16DDB00738D78 /* GameViewController.swift in Sources */ = {isa = PBXBuildFile; fileRef = B80FA52C25C16DDB00738D78 /* GameViewController.swift */; };
		B80FA53025C16DDB00738D78 /* Main.storyboard in Resources */ = {isa = PBXBuildFile; fileRef = B80FA52E25C16DDB00738D78 /* Main.storyboard */; };
		B80FA53225C16DDE00738D78 /* Assets.xcassets in Resources */ = {isa = PBXBuildFile; fileRef = B80FA53125C16DDE00738D78 /* Assets.xcassets */; };
		B80FA53D25C16DDE00738D78 /* FlappyBirdTests.swift in Sources */ = {isa = PBXBuildFile; fileRef = B80FA53C25C16DDE00738D78 /* FlappyBirdTests.swift */; };
		B80FA54825C16DDE00738D78 /* FlappyBirdUITests.swift in Sources */ = {isa = PBXBuildFile; fileRef = B80FA54725C16DDE00738D78 /* FlappyBirdUITests.swift */; };
/* End PBXBuildFile section */

/* Begin PBXContainerItemProxy section */
		B80FA53925C16DDE00738D78 /* PBXContainerItemProxy */ = {
			isa = PBXContainerItemProxy;
			containerPortal = B80FA51925C16DDB00738D78 /* Project object */;
			proxyType = 1;
			remoteGlobalIDString = B80FA52025C16DDB00738D78;
			remoteInfo = FlappyBird;
		};
		B80FA54425C16DDE00738D78 /* PBXContainerItemProxy */ = {
			isa = PBXContainerItemProxy;
			containerPortal = B80FA51925C16DDB00738D78 /* Project object */;
			proxyType = 1;
			remoteGlobalIDString = B80FA52025C16DDB00738D78;
			remoteInfo = FlappyBird;
		};
/* End PBXContainerItemProxy section */

/* Begin PBXFileReference section */
		B80FA52125C16DDB00738D78 /* FlappyBird.app */ = {isa = PBXFileReference; explicitFileType = wrapper.application; includeInIndex = 0; path = FlappyBird.app; sourceTree = BUILT_PRODUCTS_DIR; };
		B80FA52425C16DDB00738D78 /* AppDelegate.swift */ = {isa = PBXFileReference; lastKnownFileType = sourcecode.swift; path = AppDelegate.swift; sourceTree = "<group>"; };
		B80FA52625C16DDB00738D78 /* GameScene.sks */ = {isa = PBXFileReference; lastKnownFileType = file.sks; path = GameScene.sks; sourceTree = "<group>"; };
		B80FA52825C16DDB00738D78 /* Actions.sks */ = {isa = PBXFileReference; lastKnownFileType = file.sks; path = Actions.sks; sourceTree = "<group>"; };
		B80FA52A25C16DDB00738D78 /* GameScene.swift */ = {isa = PBXFileReference; lastKnownFileType = sourcecode.swift; path = GameScene.swift; sourceTree = "<group>"; };
		B80FA52C25C16DDB00738D78 /* GameViewController.swift */ = {isa = PBXFileReference; lastKnownFileType = sourcecode.swift; path = GameViewController.swift; sourceTree = "<group>"; };
		B80FA52F25C16DDB00738D78 /* Base */ = {isa = PBXFileReference; lastKnownFileType = file.storyboard; name = Base; path = Base.lproj/Main.storyboard; sourceTree = "<group>"; };
		B80FA53125C16DDE00738D78 /* Assets.xcassets */ = {isa = PBXFileReference; lastKnownFileType = folder.assetcatalog; path = Assets.xcassets; sourceTree = "<group>"; };
		B80FA53325C16DDE00738D78 /* Info.plist */ = {isa = PBXFileReference; lastKnownFileType = text.plist.xml; path = Info.plist; sourceTree = "<group>"; };
		B80FA53825C16DDE00738D78 /* FlappyBirdTests.xctest */ = {isa = PBXFileReference; explicitFileType = wrapper.cfbundle; includeInIndex = 0; path = FlappyBirdTests.xctest; sourceTree = BUILT_PRODUCTS_DIR; };
		B80FA53C25C16DDE00738D78 /* FlappyBirdTests.swift */ = {isa = PBXFileReference; lastKnownFileType = sourcecode.swift; path = FlappyBirdTests.swift; sourceTree = "<group>"; };
		B80FA53E25C16DDE00738D78 /* Info.plist */ = {isa = PBXFileReference; lastKnownFileType = text.plist.xml; path = Info.plist; sourceTree = "<group>"; };
		B80FA54325C16DDE00738D78 /* FlappyBirdUITests.xctest */ = {isa = PBXFileReference; explicitFileType = wrapper.cfbundle; includeInIndex = 0; path = FlappyBirdUITests.xctest; sourceTree = BUILT_PRODUCTS_DIR; };
		B80FA54725C16DDE00738D78 /* FlappyBirdUITests.swift */ = {isa = PBXFileReference; lastKnownFileType = sourcecode.swift; path = FlappyBirdUITests.swift; sourceTree = "<group>"; };
		B80FA54925C16DDE00738D78 /* Info.plist */ = {isa = PBXFileReference; lastKnownFileType = text.plist.xml; path = Info.plist; sourceTree = "<group>"; };
/* End PBXFileReference section */

/* Begin PBXFrameworksBuildPhase section */
		B80FA51E25C16DDB00738D78 /* Frameworks */ = {
			isa = PBXFrameworksBuildPhase;
			buildActionMask = 2147483647;
			files = (
			);
			runOnlyForDeploymentPostprocessing = 0;
		};
		B80FA53525C16DDE00738D78 /* Frameworks */ = {
			isa = PBXFrameworksBuildPhase;
			buildActionMask = 2147483647;
			files = (
			);
			runOnlyForDeploymentPostprocessing = 0;
		};
		B80FA54025C16DDE00738D78 /* Frameworks */ = {
			isa = PBXFrameworksBuildPhase;
			buildActionMask = 2147483647;
			files = (
			);
			runOnlyForDeploymentPostprocessing = 0;
		};
/* End PBXFrameworksBuildPhase section */

/* Begin PBXGroup section */
		B80FA51825C16DDB00738D78 = {
			isa = PBXGroup;
			children = (
				B80FA52325C16DDB00738D78 /* FlappyBird */,
				B80FA53B25C16DDE00738D78 /* FlappyBirdTests */,
				B80FA54625C16DDE00738D78 /* FlappyBirdUITests */,
				B80FA52225C16DDB00738D78 /* Products */,
			);
			sourceTree = "<group>";
		};
		B80FA52225C16DDB00738D78 /* Products */ = {
			isa = PBXGroup;
			children = (
				B80FA52125C16DDB00738D78 /* FlappyBird.app */,
				B80FA53825C16DDE00738D78 /* FlappyBirdTests.xctest */,
				B80FA54325C16DDE00738D78 /* FlappyBirdUITests.xctest */,
			);
			name = Products;
			sourceTree = "<group>";
		};
		B80FA52325C16DDB00738D78 /* FlappyBird */ = {
			isa = PBXGroup;
			children = (
				B80FA52425C16DDB00738D78 /* AppDelegate.swift */,
				B80FA52625C16DDB00738D78 /* GameScene.sks */,
				B80FA52825C16DDB00738D78 /* Actions.sks */,
				B80FA52A25C16DDB00738D78 /* GameScene.swift */,
				B80FA52C25C16DDB00738D78 /* GameViewController.swift */,
				B80FA52E25C16DDB00738D78 /* Main.storyboard */,
				B80FA53125C16DDE00738D78 /* Assets.xcassets */,
				B80FA53325C16DDE00738D78 /* Info.plist */,
			);
			path = FlappyBird;
			sourceTree = "<group>";
		};
		B80FA53B25C16DDE00738D78 /* FlappyBirdTests */ = {
			isa = PBXGroup;
			children = (
				B80FA53C25C16DDE00738D78 /* FlappyBirdTests.swift */,
				B80FA53E25C16DDE00738D78 /* Info.plist */,
			);
			path = FlappyBirdTests;
			sourceTree = "<group>";
		};
		B80FA54625C16DDE00738D78 /* FlappyBirdUITests */ = {
			isa = PBXGroup;
			children = (
				B80FA54725C16DDE00738D78 /* FlappyBirdUITests.swift */,
				B80FA54925C16DDE00738D78 /* Info.plist */,
			);
			path = FlappyBirdUITests;
			sourceTree = "<group>";
		};
/* End PBXGroup section */

/* Begin PBXNativeTarget section */
		B80FA52025C16DDB00738D78 /* FlappyBird */ = {
			isa = PBXNativeTarget;
			buildConfigurationList = B80FA54C25C16DDE00738D78 /* Build configuration list for PBXNativeTarget "FlappyBird" */;
			buildPhases = (
				B80FA51D25C16DDB00738D78 /* Sources */,
				B80FA51E25C16DDB00738D78 /* Frameworks */,
				B80FA51F25C16DDB00738D78 /* Resources */,
			);
			buildRules = (
			);
			dependencies = (
			);
			name = FlappyBird;
			productName = FlappyBird;
			productReference = B80FA52125C16DDB00738D78 /* FlappyBird.app */;
			productType = "com.apple.product-type.application";
		};
		B80FA53725C16DDE00738D78 /* FlappyBirdTests */ = {
			isa = PBXNativeTarget;
			buildConfigurationList = B80FA54F25C16DDE00738D78 /* Build configuration list for PBXNativeTarget "FlappyBirdTests" */;
			buildPhases = (
				B80FA53425C16DDE00738D78 /* Sources */,
				B80FA53525C16DDE00738D78 /* Frameworks */,
				B80FA53625C16DDE00738D78 /* Resources */,
			);
			buildRules = (
			);
			dependencies = (
				B80FA53A25C16DDE00738D78 /* PBXTargetDependency */,
			);
			name = FlappyBirdTests;
			productName = FlappyBirdTests;
			productReference = B80FA53825C16DDE00738D78 /* FlappyBirdTests.xctest */;
			productType = "com.apple.product-type.bundle.unit-test";
		};
		B80FA54225C16DDE00738D78 /* FlappyBirdUITests */ = {
			isa = PBXNativeTarget;
			buildConfigurationList = B80FA55225C16DDE00738D78 /* Build configuration list for PBXNativeTarget "FlappyBirdUITests" */;
			buildPhases = (
				B80FA53F25C16DDE00738D78 /* Sources */,
				B80FA54025C16DDE00738D78 /* Frameworks */,
				B80FA54125C16DDE00738D78 /* Resources */,
			);
			buildRules = (
			);
			dependencies = (
				B80FA54525C16DDE00738D78 /* PBXTargetDependency */,
			);
			name = FlappyBirdUITests;
			productName = FlappyBirdUITests;
			productReference = B80FA54325C16DDE00738D78 /* FlappyBirdUITests.xctest */;
			productType = "com.apple.product-type.bundle.ui-testing";
		};
/* End PBXNativeTarget section */

/* Begin PBXProject section */
		B80FA51925C16DDB00738D78 /* Project object */ = {
			isa = PBXProject;
			attributes = {
				LastSwiftUpdateCheck = 1230;
				LastUpgradeCheck = 1230;
				TargetAttributes = {
					B80FA52025C16DDB00738D78 = {
						CreatedOnToolsVersion = 12.3;
					};
					B80FA53725C16DDE00738D78 = {
						CreatedOnToolsVersion = 12.3;
						TestTargetID = B80FA52025C16DDB00738D78;
					};
					B80FA54225C16DDE00738D78 = {
						CreatedOnToolsVersion = 12.3;
						TestTargetID = B80FA52025C16DDB00738D78;
					};
				};
			};
			buildConfigurationList = B80FA51C25C16DDB00738D78 /* Build configuration list for PBXProject "FlappyBird" */;
			compatibilityVersion = "Xcode 9.3";
			developmentRegion = en;
			hasScannedForEncodings = 0;
			knownRegions = (
				en,
				Base,
			);
			mainGroup = B80FA51825C16DDB00738D78;
			productRefGroup = B80FA52225C16DDB00738D78 /* Products */;
			projectDirPath = "";
			projectRoot = "";
			targets = (
				B80FA52025C16DDB00738D78 /* FlappyBird */,
				B80FA53725C16DDE00738D78 /* FlappyBirdTests */,
				B80FA54225C16DDE00738D78 /* FlappyBirdUITests */,
			);
		};
/* End PBXProject section */

/* Begin PBXResourcesBuildPhase section */
		B80FA51F25C16DDB00738D78 /* Resources */ = {
			isa = PBXResourcesBuildPhase;
			buildActionMask = 2147483647;
			files = (
				B80FA53025C16DDB00738D78 /* Main.storyboard in Resources */,
				B80FA52725C16DDB00738D78 /* GameScene.sks in Resources */,
				B80FA53225C16DDE00738D78 /* Assets.xcassets in Resources */,
				B80FA52925C16DDB00738D78 /* Actions.sks in Resources */,
			);
			runOnlyForDeploymentPostprocessing = 0;
		};
		B80FA53625C16DDE00738D78 /* Resources */ = {
			isa = PBXResourcesBuildPhase;
			buildActionMask = 2147483647;
			files = (
			);
			runOnlyForDeploymentPostprocessing = 0;
		};
		B80FA54125C16DDE00738D78 /* Resources */ = {
			isa = PBXResourcesBuildPhase;
			buildActionMask = 2147483647;
			files = (
			);
			runOnlyForDeploymentPostprocessing = 0;
		};
/* End PBXResourcesBuildPhase section */

/* Begin PBXSourcesBuildPhase section */
		B80FA51D25C16DDB00738D78 /* Sources */ = {
			isa = PBXSourcesBuildPhase;
			buildActionMask = 2147483647;
			files = (
				B80FA52B25C16DDB00738D78 /* GameScene.swift in Sources */,
				B80FA52D25C16DDB00738D78 /* GameViewController.swift in Sources */,
				B80FA52525C16DDB00738D78 /* AppDelegate.swift in Sources */,
			);
			runOnlyForDeploymentPostprocessing = 0;
		};
		B80FA53425C16DDE00738D78 /* Sources */ = {
			isa = PBXSourcesBuildPhase;
			buildActionMask = 2147483647;
			files = (
				B80FA53D25C16DDE00738D78 /* FlappyBirdTests.swift in Sources */,
			);
			runOnlyForDeploymentPostprocessing = 0;
		};
		B80FA53F25C16DDE00738D78 /* Sources */ = {
			isa = PBXSourcesBuildPhase;
			buildActionMask = 2147483647;
			files = (
				B80FA54825C16DDE00738D78 /* FlappyBirdUITests.swift in Sources */,
			);
			runOnlyForDeploymentPostprocessing = 0;
		};
/* End PBXSourcesBuildPhase section */

/* Begin PBXTargetDependency section */
		B80FA53A25C16DDE00738D78 /* PBXTargetDependency */ = {
			isa = PBXTargetDependency;
			target = B80FA52025C16DDB00738D78 /* FlappyBird */;
			targetProxy = B80FA53925C16DDE00738D78 /* PBXContainerItemProxy */;
		};
		B80FA54525C16DDE00738D78 /* PBXTargetDependency */ = {
			isa = PBXTargetDependency;
			target = B80FA52025C16DDB00738D78 /* FlappyBird */;
			targetProxy = B80FA54425C16DDE00738D78 /* PBXContainerItemProxy */;
		};
/* End PBXTargetDependency section */

/* Begin PBXVariantGroup section */
		B80FA52E25C16DDB00738D78 /* Main.storyboard */ = {
			isa = PBXVariantGroup;
			children = (
				B80FA52F25C16DDB00738D78 /* Base */,
			);
			name = Main.storyboard;
			sourceTree = "<group>";
		};
/* End PBXVariantGroup section */

/* Begin XCBuildConfiguration section */
		B80FA54A25C16DDE00738D78 /* Debug */ = {
			isa = XCBuildConfiguration;
			buildSettings = {
				ALWAYS_SEARCH_USER_PATHS = NO;
				CLANG_ANALYZER_NONNULL = YES;
				CLANG_ANALYZER_NUMBER_OBJECT_CONVERSION = YES_AGGRESSIVE;
				CLANG_CXX_LANGUAGE_STANDARD = "gnu++14";
				CLANG_CXX_LIBRARY = "libc++";
				CLANG_ENABLE_MODULES = YES;
				CLANG_ENABLE_OBJC_ARC = YES;
				CLANG_ENABLE_OBJC_WEAK = YES;
				CLANG_WARN_BLOCK_CAPTURE_AUTORELEASING = YES;
				CLANG_WARN_BOOL_CONVERSION = YES;
				CLANG_WARN_COMMA = YES;
				CLANG_WARN_CONSTANT_CONVERSION = YES;
				CLANG_WARN_DEPRECATED_OBJC_IMPLEMENTATIONS = YES;
				CLANG_WARN_DIRECT_OBJC_ISA_USAGE = YES_ERROR;
				CLANG_WARN_DOCUMENTATION_COMMENTS = YES;
				CLANG_WARN_EMPTY_BODY = YES;
				CLANG_WARN_ENUM_CONVERSION = YES;
				CLANG_WARN_INFINITE_RECURSION = YES;
				CLANG_WARN_INT_CONVERSION = YES;
				CLANG_WARN_NON_LITERAL_NULL_CONVERSION = YES;
				CLANG_WARN_OBJC_IMPLICIT_RETAIN_SELF = YES;
				CLANG_WARN_OBJC_LITERAL_CONVERSION = YES;
				CLANG_WARN_OBJC_ROOT_CLASS = YES_ERROR;
				CLANG_WARN_QUOTED_INCLUDE_IN_FRAMEWORK_HEADER = YES;
				CLANG_WARN_RANGE_LOOP_ANALYSIS = YES;
				CLANG_WARN_STRICT_PROTOTYPES = YES;
				CLANG_WARN_SUSPICIOUS_MOVE = YES;
				CLANG_WARN_UNGUARDED_AVAILABILITY = YES_AGGRESSIVE;
				CLANG_WARN_UNREACHABLE_CODE = YES;
				CLANG_WARN__DUPLICATE_METHOD_MATCH = YES;
				COPY_PHASE_STRIP = NO;
				DEBUG_INFORMATION_FORMAT = dwarf;
				ENABLE_STRICT_OBJC_MSGSEND = YES;
				ENABLE_TESTABILITY = YES;
				GCC_C_LANGUAGE_STANDARD = gnu11;
				GCC_DYNAMIC_NO_PIC = NO;
				GCC_NO_COMMON_BLOCKS = YES;
				GCC_OPTIMIZATION_LEVEL = 0;
				GCC_PREPROCESSOR_DEFINITIONS = (
					"DEBUG=1",
					"$(inherited)",
				);
				GCC_WARN_64_TO_32_BIT_CONVERSION = YES;
				GCC_WARN_ABOUT_RETURN_TYPE = YES_ERROR;
				GCC_WARN_UNDECLARED_SELECTOR = YES;
				GCC_WARN_UNINITIALIZED_AUTOS = YES_AGGRESSIVE;
				GCC_WARN_UNUSED_FUNCTION = YES;
				GCC_WARN_UNUSED_VARIABLE = YES;
				IPHONEOS_DEPLOYMENT_TARGET = 14.3;
				MTL_ENABLE_DEBUG_INFO = INCLUDE_SOURCE;
				MTL_FAST_MATH = YES;
				ONLY_ACTIVE_ARCH = YES;
				SDKROOT = iphoneos;
				SWIFT_ACTIVE_COMPILATION_CONDITIONS = DEBUG;
				SWIFT_OPTIMIZATION_LEVEL = "-Onone";
			};
			name = Debug;
		};
		B80FA54B25C16DDE00738D78 /* Release */ = {
			isa = XCBuildConfiguration;
			buildSettings = {
				ALWAYS_SEARCH_USER_PATHS = NO;
				CLANG_ANALYZER_NONNULL = YES;
				CLANG_ANALYZER_NUMBER_OBJECT_CONVERSION = YES_AGGRESSIVE;
				CLANG_CXX_LANGUAGE_STANDARD = "gnu++14";
				CLANG_CXX_LIBRARY = "libc++";
				CLANG_ENABLE_MODULES = YES;
				CLANG_ENABLE_OBJC_ARC = YES;
				CLANG_ENABLE_OBJC_WEAK = YES;
				CLANG_WARN_BLOCK_CAPTURE_AUTORELEASING = YES;
				CLANG_WARN_BOOL_CONVERSION = YES;
				CLANG_WARN_COMMA = YES;
				CLANG_WARN_CONSTANT_CONVERSION = YES;
				CLANG_WARN_DEPRECATED_OBJC_IMPLEMENTATIONS = YES;
				CLANG_WARN_DIRECT_OBJC_ISA_USAGE = YES_ERROR;
				CLANG_WARN_DOCUMENTATION_COMMENTS = YES;
				CLANG_WARN_EMPTY_BODY = YES;
				CLANG_WARN_ENUM_CONVERSION = YES;
				CLANG_WARN_INFINITE_RECURSION = YES;
				CLANG_WARN_INT_CONVERSION = YES;
				CLANG_WARN_NON_LITERAL_NULL_CONVERSION = YES;
				CLANG_WARN_OBJC_IMPLICIT_RETAIN_SELF = YES;
				CLANG_WARN_OBJC_LITERAL_CONVERSION = YES;
				CLANG_WARN_OBJC_ROOT_CLASS = YES_ERROR;
				CLANG_WARN_QUOTED_INCLUDE_IN_FRAMEWORK_HEADER = YES;
				CLANG_WARN_RANGE_LOOP_ANALYSIS = YES;
				CLANG_WARN_STRICT_PROTOTYPES = YES;
				CLANG_WARN_SUSPICIOUS_MOVE = YES;
				CLANG_WARN_UNGUARDED_AVAILABILITY = YES_AGGRESSIVE;
				CLANG_WARN_UNREACHABLE_CODE = YES;
				CLANG_WARN__DUPLICATE_METHOD_MATCH = YES;
				COPY_PHASE_STRIP = NO;
				DEBUG_INFORMATION_FORMAT = "dwarf-with-dsym";
				ENABLE_NS_ASSERTIONS = NO;
				ENABLE_STRICT_OBJC_MSGSEND = YES;
				GCC_C_LANGUAGE_STANDARD = gnu11;
				GCC_NO_COMMON_BLOCKS = YES;
				GCC_WARN_64_TO_32_BIT_CONVERSION = YES;
				GCC_WARN_ABOUT_RETURN_TYPE = YES_ERROR;
				GCC_WARN_UNDECLARED_SELECTOR = YES;
				GCC_WARN_UNINITIALIZED_AUTOS = YES_AGGRESSIVE;
				GCC_WARN_UNUSED_FUNCTION = YES;
				GCC_WARN_UNUSED_VARIABLE = YES;
				IPHONEOS_DEPLOYMENT_TARGET = 14.3;
				MTL_ENABLE_DEBUG_INFO = NO;
				MTL_FAST_MATH = YES;
				SDKROOT = iphoneos;
				SWIFT_COMPILATION_MODE = wholemodule;
				SWIFT_OPTIMIZATION_LEVEL = "-O";
				VALIDATE_PRODUCT = YES;
			};
			name = Release;
		};
		B80FA54D25C16DDE00738D78 /* Debug */ = {
			isa = XCBuildConfiguration;
			buildSettings = {
				ASSETCATALOG_COMPILER_APPICON_NAME = AppIcon;
				ASSETCATALOG_COMPILER_GLOBAL_ACCENT_COLOR_NAME = AccentColor;
				CODE_SIGN_STYLE = Automatic;
				DEVELOPMENT_TEAM = VVN9N5DLNV;
				INFOPLIST_FILE = FlappyBird/Info.plist;
				LD_RUNPATH_SEARCH_PATHS = (
					"$(inherited)",
					"@executable_path/Frameworks",
				);
				PRODUCT_BUNDLE_IDENTIFIER = com.yinlong.FlappyBird;
				PRODUCT_NAME = "$(TARGET_NAME)";
				SWIFT_VERSION = 5.0;
				TARGETED_DEVICE_FAMILY = "1,2";
			};
			name = Debug;
		};
		B80FA54E25C16DDE00738D78 /* Release */ = {
			isa = XCBuildConfiguration;
			buildSettings = {
				ASSETCATALOG_COMPILER_APPICON_NAME = AppIcon;
				ASSETCATALOG_COMPILER_GLOBAL_ACCENT_COLOR_NAME = AccentColor;
				CODE_SIGN_STYLE = Automatic;
				DEVELOPMENT_TEAM = VVN9N5DLNV;
				INFOPLIST_FILE = FlappyBird/Info.plist;
				LD_RUNPATH_SEARCH_PATHS = (
					"$(inherited)",
					"@executable_path/Frameworks",
				);
				PRODUCT_BUNDLE_IDENTIFIER = com.yinlong.FlappyBird;
				PRODUCT_NAME = "$(TARGET_NAME)";
				SWIFT_VERSION = 5.0;
				TARGETED_DEVICE_FAMILY = "1,2";
			};
			name = Release;
		};
		B80FA55025C16DDE00738D78 /* Debug */ = {
			isa = XCBuildConfiguration;
			buildSettings = {
				ALWAYS_EMBED_SWIFT_STANDARD_LIBRARIES = YES;
				BUNDLE_LOADER = "$(TEST_HOST)";
				CODE_SIGN_STYLE = Automatic;
				DEVELOPMENT_TEAM = VVN9N5DLNV;
				INFOPLIST_FILE = FlappyBirdTests/Info.plist;
				IPHONEOS_DEPLOYMENT_TARGET = 14.3;
				LD_RUNPATH_SEARCH_PATHS = (
					"$(inherited)",
					"@executable_path/Frameworks",
					"@loader_path/Frameworks",
				);
				PRODUCT_BUNDLE_IDENTIFIER = com.yinlong.FlappyBirdTests;
				PRODUCT_NAME = "$(TARGET_NAME)";
				SWIFT_VERSION = 5.0;
				TARGETED_DEVICE_FAMILY = "1,2";
				TEST_HOST = "$(BUILT_PRODUCTS_DIR)/FlappyBird.app/FlappyBird";
			};
			name = Debug;
		};
		B80FA55125C16DDE00738D78 /* Release */ = {
			isa = XCBuildConfiguration;
			buildSettings = {
				ALWAYS_EMBED_SWIFT_STANDARD_LIBRARIES = YES;
				BUNDLE_LOADER = "$(TEST_HOST)";
				CODE_SIGN_STYLE = Automatic;
				DEVELOPMENT_TEAM = VVN9N5DLNV;
				INFOPLIST_FILE = FlappyBirdTests/Info.plist;
				IPHONEOS_DEPLOYMENT_TARGET = 14.3;
				LD_RUNPATH_SEARCH_PATHS = (
					"$(inherited)",
					"@executable_path/Frameworks",
					"@loader_path/Frameworks",
				);
				PRODUCT_BUNDLE_IDENTIFIER = com.yinlong.FlappyBirdTests;
				PRODUCT_NAME = "$(TARGET_NAME)";
				SWIFT_VERSION = 5.0;
				TARGETED_DEVICE_FAMILY = "1,2";
				TEST_HOST = "$(BUILT_PRODUCTS_DIR)/FlappyBird.app/FlappyBird";
			};
			name = Release;
		};
		B80FA55325C16DDE00738D78 /* Debug */ = {
			isa = XCBuildConfiguration;
			buildSettings = {
				ALWAYS_EMBED_SWIFT_STANDARD_LIBRARIES = YES;
				CODE_SIGN_STYLE = Automatic;
				DEVELOPMENT_TEAM = VVN9N5DLNV;
				INFOPLIST_FILE = FlappyBirdUITests/Info.plist;
				LD_RUNPATH_SEARCH_PATHS = (
					"$(inherited)",
					"@executable_path/Frameworks",
					"@loader_path/Frameworks",
				);
				PRODUCT_BUNDLE_IDENTIFIER = com.yinlong.FlappyBirdUITests;
				PRODUCT_NAME = "$(TARGET_NAME)";
				SWIFT_VERSION = 5.0;
				TARGETED_DEVICE_FAMILY = "1,2";
				TEST_TARGET_NAME = FlappyBird;
			};
			name = Debug;
		};
		B80FA55425C16DDE00738D78 /* Release */ = {
			isa = XCBuildConfiguration;
			buildSettings = {
				ALWAYS_EMBED_SWIFT_STANDARD_LIBRARIES = YES;
				CODE_SIGN_STYLE = Automatic;
				DEVELOPMENT_TEAM = VVN9N5DLNV;
				INFOPLIST_FILE = FlappyBirdUITests/Info.plist;
				LD_RUNPATH_SEARCH_PATHS = (
					"$(inherited)",
					"@executable_path/Frameworks",
					"@loader_path/Frameworks",
				);
				PRODUCT_BUNDLE_IDENTIFIER = com.yinlong.FlappyBirdUITests;
				PRODUCT_NAME = "$(TARGET_NAME)";
				SWIFT_VERSION = 5.0;
				TARGETED_DEVICE_FAMILY = "1,2";
				TEST_TARGET_NAME = FlappyBird;
			};
			name = Release;
		};
/* End XCBuildConfiguration section */

/* Begin XCConfigurationList section */
		B80FA51C25C16DDB00738D78 /* Build configuration list for PBXProject "FlappyBird" */ = {
			isa = XCConfigurationList;
			buildConfigurations = (
				B80FA54A25C16DDE00738D78 /* Debug */,
				B80FA54B25C16DDE00738D78 /* Release */,
			);
			defaultConfigurationIsVisible = 0;
			defaultConfigurationName = Release;
		};
		B80FA54C25C16DDE00738D78 /* Build configuration list for PBXNativeTarget "FlappyBird" */ = {
			isa = XCConfigurationList;
			buildConfigurations = (
				B80FA54D25C16DDE00738D78 /* Debug */,
				B80FA54E25C16DDE00738D78 /* Release */,
			);
			defaultConfigurationIsVisible = 0;
			defaultConfigurationName = Release;
		};
		B80FA54F25C16DDE00738D78 /* Build configuration list for PBXNativeTarget "FlappyBirdTests" */ = {
			isa = XCConfigurationList;
			buildConfigurations = (
				B80FA55025C16DDE00738D78 /* Debug */,
				B80FA55125C16DDE00738D78 /* Release */,
			);
			defaultConfigurationIsVisible = 0;
			defaultConfigurationName = Release;
		};
		B80FA55225C16DDE00738D78 /* Build configuration list for PBXNativeTarget "FlappyBirdUITests" */ = {
			isa = XCConfigurationList;
			buildConfigurations = (
				B80FA55325C16DDE00738D78 /* Debug */,
				B80FA55425C16DDE00738D78 /* Release */,
			);
			defaultConfigurationIsVisible = 0;
			defaultConfigurationName = Release;
		};
/* End XCConfigurationList section */
	};
	rootObject = B80FA51925C16DDB00738D78 /* Project object */;
}
